
Microsoft Visual Studio Solution File, Format Version 12.00
# Visual Studio Version 17
VisualStudioVersion = 17.4.33205.214
MinimumVisualStudioVersion = 10.0.40219.1
Project("{9A19103F-16F7-4668-BE54-9A1E7A4F7556}") = "YenniBotV2", "YenniBotV2.csproj", "{98C1384D-9C12-47E3-8C81-751A1F6721BE}"
EndProject
Project("{9A19103F-16F7-4668-BE54-9A1E7A4F7556}") = "YenniBot.UnitTests", "..\YenniBot.UnitTests\YenniBot.UnitTests.csproj", "{CCFFF3D7-39C2-4E8B-9744-E80BCC641531}"
EndProject
Global
	GlobalSection(SolutionConfigurationPlatforms) = preSolution
		Debug|Any CPU = Debug|Any CPU
		Release|Any CPU = Release|Any CPU
	EndGlobalSection
	GlobalSection(ProjectConfigurationPlatforms) = postSolution
		{98C1384D-9C12-47E3-8C81-751A1F6721BE}.Debug|Any CPU.ActiveCfg = Debug|Any CPU
		{98C1384D-9C12-47E3-8C81-751A1F6721BE}.Debug|Any CPU.Build.0 = Debug|Any CPU
		{98C1384D-9C12-47E3-8C81-751A1F6721BE}.Release|Any CPU.ActiveCfg = Release|Any CPU
		{98C1384D-9C12-47E3-8C81-751A1F6721BE}.Release|Any CPU.Build.0 = Release|Any CPU
		{CCFFF3D7-39C2-4E8B-9744-E80BCC641531}.Debug|Any CPU.ActiveCfg = Debug|Any CPU
		{CCFFF3D7-39C2-4E8B-9744-E80BCC641531}.Debug|Any CPU.Build.0 = Debug|Any CPU
		{CCFFF3D7-39C2-4E8B-9744-E80BCC641531}.Release|Any CPU.ActiveCfg = Release|Any CPU
		{CCFFF3D7-39C2-4E8B-9744-E80BCC641531}.Release|Any CPU.Build.0 = Release|Any CPU
	EndGlobalSection
	GlobalSection(SolutionProperties) = preSolution
		HideSolutionNode = FALSE
	EndGlobalSection
	GlobalSection(ExtensibilityGlobals) = postSolution
		SolutionGuid = {2D10D446-A843-48B5-AC29-583F2945028D}
	EndGlobalSection
EndGlobal
